
Microsoft Visual Studio Solution File, Format Version 12.00
# Visual Studio Version 17
VisualStudioVersion = 17.13.35825.156 d17.13
MinimumVisualStudioVersion = 10.0.40219.1
Project("{FAE04EC0-301F-11D3-BF4B-00C04F79EFBC}") = "ListsAndStackAdnQueueAndCompoundedTask", "ListsAndStackAdnQueueAndCompoundedTask.csproj", "{75934A28-3260-4035-A5B5-DFC82B3B2C32}"
EndProject
Global
	GlobalSection(SolutionConfigurationPlatforms) = preSolution
		Debug|Any CPU = Debug|Any CPU
		Release|Any CPU = Release|Any CPU
	EndGlobalSection
	GlobalSection(ProjectConfigurationPlatforms) = postSolution
		{75934A28-3260-4035-A5B5-DFC82B3B2C32}.Debug|Any CPU.ActiveCfg = Debug|Any CPU
		{75934A28-3260-4035-A5B5-DFC82B3B2C32}.Debug|Any CPU.Build.0 = Debug|Any CPU
		{75934A28-3260-4035-A5B5-DFC82B3B2C32}.Release|Any CPU.ActiveCfg = Release|Any CPU
		{75934A28-3260-4035-A5B5-DFC82B3B2C32}.Release|Any CPU.Build.0 = Release|Any CPU
	EndGlobalSection
	GlobalSection(SolutionProperties) = preSolution
		HideSolutionNode = FALSE
	EndGlobalSection
	GlobalSection(ExtensibilityGlobals) = postSolution
		SolutionGuid = {B9EDECB5-53BC-4093-8912-4662C1178C25}
	EndGlobalSection
EndGlobal
